
Microsoft Visual Studio Solution File, Format Version 12.00
Project("{FAE04EC0-301F-11D3-BF4B-00C04F79EFBC}") = "RomanNumeralsCodingKata", "RomanNumeralsCodingKata.csproj", "{94723E19-EFF8-4C97-945B-1E966CCCF928}"
EndProject
Global
	GlobalSection(SolutionConfigurationPlatforms) = preSolution
		Debug|Any CPU = Debug|Any CPU
		Release|Any CPU = Release|Any CPU
	EndGlobalSection
	GlobalSection(ProjectConfigurationPlatforms) = postSolution
		{94723E19-EFF8-4C97-945B-1E966CCCF928}.Debug|Any CPU.ActiveCfg = Debug|Any CPU
		{94723E19-EFF8-4C97-945B-1E966CCCF928}.Debug|Any CPU.Build.0 = Debug|Any CPU
		{94723E19-EFF8-4C97-945B-1E966CCCF928}.Release|Any CPU.ActiveCfg = Release|Any CPU
		{94723E19-EFF8-4C97-945B-1E966CCCF928}.Release|Any CPU.Build.0 = Release|Any CPU
	EndGlobalSection
EndGlobal
